
Microsoft Visual Studio Solution File, Format Version 12.00
# Visual Studio Version 17
VisualStudioVersion = 17.4.33205.214
MinimumVisualStudioVersion = 10.0.40219.1
Project("{FAE04EC0-301F-11D3-BF4B-00C04F79EFBC}") = "BiosTools", "BiosTools\BiosTools.csproj", "{B51F7DFE-140E-4F2A-949A-3499ADB59954}"
EndProject
Global
	GlobalSection(SolutionConfigurationPlatforms) = preSolution
		Debug|Any CPU = Debug|Any CPU
		Release|Any CPU = Release|Any CPU
	EndGlobalSection
	GlobalSection(ProjectConfigurationPlatforms) = postSolution
		{B51F7DFE-140E-4F2A-949A-3499ADB59954}.Debug|Any CPU.ActiveCfg = Debug|Any CPU
		{B51F7DFE-140E-4F2A-949A-3499ADB59954}.Debug|Any CPU.Build.0 = Debug|Any CPU
		{B51F7DFE-140E-4F2A-949A-3499ADB59954}.Release|Any CPU.ActiveCfg = Release|Any CPU
		{B51F7DFE-140E-4F2A-949A-3499ADB59954}.Release|Any CPU.Build.0 = Release|Any CPU
	EndGlobalSection
	GlobalSection(SolutionProperties) = preSolution
		HideSolutionNode = FALSE
	EndGlobalSection
	GlobalSection(ExtensibilityGlobals) = postSolution
		SolutionGuid = {881FFF90-F6B5-4D1F-B394-C6794F8FD514}
	EndGlobalSection
EndGlobal
